{
  "name": "es-class-router",
  "version": "1.0.2",
  "lockfileVersion": 1,
  "requires": true,
  "dependencies": {
    "browser-messages": {
      "version": "1.0.1",
      "resolved": "https://registry.npmjs.org/browser-messages/-/browser-messages-1.0.1.tgz",
      "integrity": "sha512-UfLalhsr/4V4P6n6atcy44D6Bes4MrxYDPM78XW4p5lqlczFrpNbnVL439M/wdyXb1Oj3jZA1z09fCxcYkd4fQ=="
    },
    "safe-ops": {
      "version": "1.0.1",
      "resolved": "https://registry.npmjs.org/safe-ops/-/safe-ops-1.0.1.tgz",
      "integrity": "sha512-mPn6tbfYERiRwZ3kJgrEUrQrVSxvA2mZL6I20jYgVNlu3/OcHUMcfSS2EyA3xSiPJ/c2WaLMQaVoOCCoPVJ1pA=="
    }
  }
}
